// !$*UTF8*$!
{
	archiveVersion = 1;
	classes = {
	};
	objectVersion = 55;
	objects = {

/* Begin PBXBuildFile section */
		DB03FA752830AACA00E4F61F /* OnboardView.swift in Sources */ = {isa = PBXBuildFile; fileRef = DB03FA742830AACA00E4F61F /* OnboardView.swift */; };
		DB03FA782830ACD200E4F61F /* WhatsNewKit in Frameworks */ = {isa = PBXBuildFile; productRef = DB03FA772830ACD200E4F61F /* WhatsNewKit */; };
		DB03FA7A283160BB00E4F61F /* SheetExtension.swift in Sources */ = {isa = PBXBuildFile; fileRef = DB03FA79283160BB00E4F61F /* SheetExtension.swift */; };
		DB3F9145282F26520088CD3D /* iNovaApp.swift in Sources */ = {isa = PBXBuildFile; fileRef = DB3F9144282F26520088CD3D /* iNovaApp.swift */; };
		DB3F9147282F26520088CD3D /* ContentView.swift in Sources */ = {isa = PBXBuildFile; fileRef = DB3F9146282F26520088CD3D /* ContentView.swift */; };
		DB3F9149282F26540088CD3D /* Assets.xcassets in Resources */ = {isa = PBXBuildFile; fileRef = DB3F9148282F26540088CD3D /* Assets.xcassets */; };
		DB3F914C282F26540088CD3D /* Preview Assets.xcassets in Resources */ = {isa = PBXBuildFile; fileRef = DB3F914B282F26540088CD3D /* Preview Assets.xcassets */; };
		DB3F9154282F269D0088CD3D /* UITabBarControllerExtension.swift in Sources */ = {isa = PBXBuildFile; fileRef = DB3F9153282F269D0088CD3D /* UITabBarControllerExtension.swift */; };
		DB3F9156282F26FD0088CD3D /* HomeView.swift in Sources */ = {isa = PBXBuildFile; fileRef = DB3F9155282F26FD0088CD3D /* HomeView.swift */; };
		DB3F9159282F27E70088CD3D /* ColorExtension.swift in Sources */ = {isa = PBXBuildFile; fileRef = DB3F9158282F27E70088CD3D /* ColorExtension.swift */; };
		DB3F915B282F2F760088CD3D /* UIImageExtension.swift in Sources */ = {isa = PBXBuildFile; fileRef = DB3F915A282F2F760088CD3D /* UIImageExtension.swift */; };
		DB3F915E282F69F40088CD3D /* SDWebImageSwiftUI in Frameworks */ = {isa = PBXBuildFile; productRef = DB3F915D282F69F40088CD3D /* SDWebImageSwiftUI */; };
		DB3F9160282F7D680088CD3D /* SettingsView.swift in Sources */ = {isa = PBXBuildFile; fileRef = DB3F915F282F7D680088CD3D /* SettingsView.swift */; };
		DB3F9163282F7F210088CD3D /* DeviceKit in Frameworks */ = {isa = PBXBuildFile; productRef = DB3F9162282F7F210088CD3D /* DeviceKit */; };
		DB3F9165283058DE0088CD3D /* CategoriesView.swift in Sources */ = {isa = PBXBuildFile; fileRef = DB3F9164283058DE0088CD3D /* CategoriesView.swift */; };
		DBC1F2392833BE570093C52B /* LibraryView.swift in Sources */ = {isa = PBXBuildFile; fileRef = DBC1F2382833BE570093C52B /* LibraryView.swift */; };
/* End PBXBuildFile section */

/* Begin PBXFileReference section */
		DB03FA742830AACA00E4F61F /* OnboardView.swift */ = {isa = PBXFileReference; lastKnownFileType = sourcecode.swift; path = OnboardView.swift; sourceTree = "<group>"; };
		DB03FA79283160BB00E4F61F /* SheetExtension.swift */ = {isa = PBXFileReference; lastKnownFileType = sourcecode.swift; path = SheetExtension.swift; sourceTree = "<group>"; };
		DB3F9141282F26520088CD3D /* iNova.app */ = {isa = PBXFileReference; explicitFileType = wrapper.application; includeInIndex = 0; path = iNova.app; sourceTree = BUILT_PRODUCTS_DIR; };
		DB3F9144282F26520088CD3D /* iNovaApp.swift */ = {isa = PBXFileReference; lastKnownFileType = sourcecode.swift; path = iNovaApp.swift; sourceTree = "<group>"; };
		DB3F9146282F26520088CD3D /* ContentView.swift */ = {isa = PBXFileReference; lastKnownFileType = sourcecode.swift; path = ContentView.swift; sourceTree = "<group>"; };
		DB3F9148282F26540088CD3D /* Assets.xcassets */ = {isa = PBXFileReference; lastKnownFileType = folder.assetcatalog; path = Assets.xcassets; sourceTree = "<group>"; };
		DB3F914B282F26540088CD3D /* Preview Assets.xcassets */ = {isa = PBXFileReference; lastKnownFileType = folder.assetcatalog; path = "Preview Assets.xcassets"; sourceTree = "<group>"; };
		DB3F9153282F269D0088CD3D /* UITabBarControllerExtension.swift */ = {isa = PBXFileReference; lastKnownFileType = sourcecode.swift; path = UITabBarControllerExtension.swift; sourceTree = "<group>"; };
		DB3F9155282F26FD0088CD3D /* HomeView.swift */ = {isa = PBXFileReference; lastKnownFileType = sourcecode.swift; path = HomeView.swift; sourceTree = "<group>"; };
		DB3F9157282F27910088CD3D /* Info.plist */ = {isa = PBXFileReference; lastKnownFileType = text.plist; path = Info.plist; sourceTree = "<group>"; };
		DB3F9158282F27E70088CD3D /* ColorExtension.swift */ = {isa = PBXFileReference; lastKnownFileType = sourcecode.swift; path = ColorExtension.swift; sourceTree = "<group>"; };
		DB3F915A282F2F760088CD3D /* UIImageExtension.swift */ = {isa = PBXFileReference; lastKnownFileType = sourcecode.swift; path = UIImageExtension.swift; sourceTree = "<group>"; };
		DB3F915F282F7D680088CD3D /* SettingsView.swift */ = {isa = PBXFileReference; lastKnownFileType = sourcecode.swift; path = SettingsView.swift; sourceTree = "<group>"; };
		DB3F9164283058DE0088CD3D /* CategoriesView.swift */ = {isa = PBXFileReference; lastKnownFileType = sourcecode.swift; path = CategoriesView.swift; sourceTree = "<group>"; };
		DBC1F2382833BE570093C52B /* LibraryView.swift */ = {isa = PBXFileReference; lastKnownFileType = sourcecode.swift; path = LibraryView.swift; sourceTree = "<group>"; };
/* End PBXFileReference section */

/* Begin PBXFrameworksBuildPhase section */
		DB3F913E282F26520088CD3D /* Frameworks */ = {
			isa = PBXFrameworksBuildPhase;
			buildActionMask = 2147483647;
			files = (
				DB3F915E282F69F40088CD3D /* SDWebImageSwiftUI in Frameworks */,
				DB3F9163282F7F210088CD3D /* DeviceKit in Frameworks */,
				DB03FA782830ACD200E4F61F /* WhatsNewKit in Frameworks */,
			);
			runOnlyForDeploymentPostprocessing = 0;
		};
/* End PBXFrameworksBuildPhase section */

/* Begin PBXGroup section */
		DB3F9138282F26520088CD3D = {
			isa = PBXGroup;
			children = (
				DB3F9143282F26520088CD3D /* iNova */,
				DB3F9142282F26520088CD3D /* Products */,
			);
			sourceTree = "<group>";
		};
		DB3F9142282F26520088CD3D /* Products */ = {
			isa = PBXGroup;
			children = (
				DB3F9141282F26520088CD3D /* iNova.app */,
			);
			name = Products;
			sourceTree = "<group>";
		};
		DB3F9143282F26520088CD3D /* iNova */ = {
			isa = PBXGroup;
			children = (
				DB3F9157282F27910088CD3D /* Info.plist */,
				DB3F9152282F266F0088CD3D /* impl */,
				DB3F9144282F26520088CD3D /* iNovaApp.swift */,
				DB3F9146282F26520088CD3D /* ContentView.swift */,
				DB03FA742830AACA00E4F61F /* OnboardView.swift */,
				DB3F9155282F26FD0088CD3D /* HomeView.swift */,
				DB3F9164283058DE0088CD3D /* CategoriesView.swift */,
				DBC1F2382833BE570093C52B /* LibraryView.swift */,
				DB3F915F282F7D680088CD3D /* SettingsView.swift */,
				DB3F9148282F26540088CD3D /* Assets.xcassets */,
				DB3F914A282F26540088CD3D /* Preview Content */,
			);
			path = iNova;
			sourceTree = "<group>";
		};
		DB3F914A282F26540088CD3D /* Preview Content */ = {
			isa = PBXGroup;
			children = (
				DB3F914B282F26540088CD3D /* Preview Assets.xcassets */,
			);
			path = "Preview Content";
			sourceTree = "<group>";
		};
		DB3F9152282F266F0088CD3D /* impl */ = {
			isa = PBXGroup;
			children = (
				DB3F9153282F269D0088CD3D /* UITabBarControllerExtension.swift */,
				DB3F9158282F27E70088CD3D /* ColorExtension.swift */,
				DB3F915A282F2F760088CD3D /* UIImageExtension.swift */,
				DB03FA79283160BB00E4F61F /* SheetExtension.swift */,
			);
			path = impl;
			sourceTree = "<group>";
		};
/* End PBXGroup section */

/* Begin PBXNativeTarget section */
		DB3F9140282F26520088CD3D /* iNova */ = {
			isa = PBXNativeTarget;
			buildConfigurationList = DB3F914F282F26540088CD3D /* Build configuration list for PBXNativeTarget "iNova" */;
			buildPhases = (
				DB3F913D282F26520088CD3D /* Sources */,
				DB3F913E282F26520088CD3D /* Frameworks */,
				DB3F913F282F26520088CD3D /* Resources */,
			);
			buildRules = (
			);
			dependencies = (
			);
			name = iNova;
			packageProductDependencies = (
				DB3F915D282F69F40088CD3D /* SDWebImageSwiftUI */,
				DB3F9162282F7F210088CD3D /* DeviceKit */,
				DB03FA772830ACD200E4F61F /* WhatsNewKit */,
			);
			productName = iNova;
			productReference = DB3F9141282F26520088CD3D /* iNova.app */;
			productType = "com.apple.product-type.application";
		};
/* End PBXNativeTarget section */

/* Begin PBXProject section */
		DB3F9139282F26520088CD3D /* Project object */ = {
			isa = PBXProject;
			attributes = {
				BuildIndependentTargetsInParallel = 1;
				LastSwiftUpdateCheck = 1330;
				LastUpgradeCheck = 1330;
				TargetAttributes = {
					DB3F9140282F26520088CD3D = {
						CreatedOnToolsVersion = 13.3.1;
					};
				};
			};
			buildConfigurationList = DB3F913C282F26520088CD3D /* Build configuration list for PBXProject "iNova" */;
			compatibilityVersion = "Xcode 13.0";
			developmentRegion = en;
			hasScannedForEncodings = 0;
			knownRegions = (
				en,
				Base,
			);
			mainGroup = DB3F9138282F26520088CD3D;
			packageReferences = (
				DB3F915C282F69F40088CD3D /* XCRemoteSwiftPackageReference "SDWebImageSwiftUI" */,
				DB3F9161282F7F210088CD3D /* XCRemoteSwiftPackageReference "DeviceKit" */,
				DB03FA762830ACD200E4F61F /* XCRemoteSwiftPackageReference "WhatsNewKit" */,
			);
			productRefGroup = DB3F9142282F26520088CD3D /* Products */;
			projectDirPath = "";
			projectRoot = "";
			targets = (
				DB3F9140282F26520088CD3D /* iNova */,
			);
		};
/* End PBXProject section */

/* Begin PBXResourcesBuildPhase section */
		DB3F913F282F26520088CD3D /* Resources */ = {
			isa = PBXResourcesBuildPhase;
			buildActionMask = 2147483647;
			files = (
				DB3F914C282F26540088CD3D /* Preview Assets.xcassets in Resources */,
				DB3F9149282F26540088CD3D /* Assets.xcassets in Resources */,
			);
			runOnlyForDeploymentPostprocessing = 0;
		};
/* End PBXResourcesBuildPhase section */

/* Begin PBXSourcesBuildPhase section */
		DB3F913D282F26520088CD3D /* Sources */ = {
			isa = PBXSourcesBuildPhase;
			buildActionMask = 2147483647;
			files = (
				DB3F9165283058DE0088CD3D /* CategoriesView.swift in Sources */,
				DB03FA752830AACA00E4F61F /* OnboardView.swift in Sources */,
				DB3F9160282F7D680088CD3D /* SettingsView.swift in Sources */,
				DB3F9154282F269D0088CD3D /* UITabBarControllerExtension.swift in Sources */,
				DB3F9156282F26FD0088CD3D /* HomeView.swift in Sources */,
				DB3F9147282F26520088CD3D /* ContentView.swift in Sources */,
				DB3F9145282F26520088CD3D /* iNovaApp.swift in Sources */,
				DBC1F2392833BE570093C52B /* LibraryView.swift in Sources */,
				DB03FA7A283160BB00E4F61F /* SheetExtension.swift in Sources */,
				DB3F9159282F27E70088CD3D /* ColorExtension.swift in Sources */,
				DB3F915B282F2F760088CD3D /* UIImageExtension.swift in Sources */,
			);
			runOnlyForDeploymentPostprocessing = 0;
		};
/* End PBXSourcesBuildPhase section */

/* Begin XCBuildConfiguration section */
		DB3F914D282F26540088CD3D /* Debug */ = {
			isa = XCBuildConfiguration;
			buildSettings = {
				ALWAYS_SEARCH_USER_PATHS = NO;
				CLANG_ANALYZER_NONNULL = YES;
				CLANG_ANALYZER_NUMBER_OBJECT_CONVERSION = YES_AGGRESSIVE;
				CLANG_CXX_LANGUAGE_STANDARD = "gnu++17";
				CLANG_ENABLE_MODULES = YES;
				CLANG_ENABLE_OBJC_ARC = YES;
				CLANG_ENABLE_OBJC_WEAK = YES;
				CLANG_WARN_BLOCK_CAPTURE_AUTORELEASING = YES;
				CLANG_WARN_BOOL_CONVERSION = YES;
				CLANG_WARN_COMMA = YES;
				CLANG_WARN_CONSTANT_CONVERSION = YES;
				CLANG_WARN_DEPRECATED_OBJC_IMPLEMENTATIONS = YES;
				CLANG_WARN_DIRECT_OBJC_ISA_USAGE = YES_ERROR;
				CLANG_WARN_DOCUMENTATION_COMMENTS = YES;
				CLANG_WARN_EMPTY_BODY = YES;
				CLANG_WARN_ENUM_CONVERSION = YES;
				CLANG_WARN_INFINITE_RECURSION = YES;
				CLANG_WARN_INT_CONVERSION = YES;
				CLANG_WARN_NON_LITERAL_NULL_CONVERSION = YES;
				CLANG_WARN_OBJC_IMPLICIT_RETAIN_SELF = YES;
				CLANG_WARN_OBJC_LITERAL_CONVERSION = YES;
				CLANG_WARN_OBJC_ROOT_CLASS = YES_ERROR;
				CLANG_WARN_QUOTED_INCLUDE_IN_FRAMEWORK_HEADER = YES;
				CLANG_WARN_RANGE_LOOP_ANALYSIS = YES;
				CLANG_WARN_STRICT_PROTOTYPES = YES;
				CLANG_WARN_SUSPICIOUS_MOVE = YES;
				CLANG_WARN_UNGUARDED_AVAILABILITY = YES_AGGRESSIVE;
				CLANG_WARN_UNREACHABLE_CODE = YES;
				CLANG_WARN__DUPLICATE_METHOD_MATCH = YES;
				COPY_PHASE_STRIP = NO;
				DEBUG_INFORMATION_FORMAT = dwarf;
				ENABLE_STRICT_OBJC_MSGSEND = YES;
				ENABLE_TESTABILITY = YES;
				GCC_C_LANGUAGE_STANDARD = gnu11;
				GCC_DYNAMIC_NO_PIC = NO;
				GCC_NO_COMMON_BLOCKS = YES;
				GCC_OPTIMIZATION_LEVEL = 0;
				GCC_PREPROCESSOR_DEFINITIONS = (
					"DEBUG=1",
					"$(inherited)",
				);
				GCC_WARN_64_TO_32_BIT_CONVERSION = YES;
				GCC_WARN_ABOUT_RETURN_TYPE = YES_ERROR;
				GCC_WARN_UNDECLARED_SELECTOR = YES;
				GCC_WARN_UNINITIALIZED_AUTOS = YES_AGGRESSIVE;
				GCC_WARN_UNUSED_FUNCTION = YES;
				GCC_WARN_UNUSED_VARIABLE = YES;
				IPHONEOS_DEPLOYMENT_TARGET = 15.4;
				MTL_ENABLE_DEBUG_INFO = INCLUDE_SOURCE;
				MTL_FAST_MATH = YES;
				ONLY_ACTIVE_ARCH = YES;
				SDKROOT = iphoneos;
				SWIFT_ACTIVE_COMPILATION_CONDITIONS = DEBUG;
				SWIFT_OPTIMIZATION_LEVEL = "-Onone";
			};
			name = Debug;
		};
		DB3F914E282F26540088CD3D /* Release */ = {
			isa = XCBuildConfiguration;
			buildSettings = {
				ALWAYS_SEARCH_USER_PATHS = NO;
				CLANG_ANALYZER_NONNULL = YES;
				CLANG_ANALYZER_NUMBER_OBJECT_CONVERSION = YES_AGGRESSIVE;
				CLANG_CXX_LANGUAGE_STANDARD = "gnu++17";
				CLANG_ENABLE_MODULES = YES;
				CLANG_ENABLE_OBJC_ARC = YES;
				CLANG_ENABLE_OBJC_WEAK = YES;
				CLANG_WARN_BLOCK_CAPTURE_AUTORELEASING = YES;
				CLANG_WARN_BOOL_CONVERSION = YES;
				CLANG_WARN_COMMA = YES;
				CLANG_WARN_CONSTANT_CONVERSION = YES;
				CLANG_WARN_DEPRECATED_OBJC_IMPLEMENTATIONS = YES;
				CLANG_WARN_DIRECT_OBJC_ISA_USAGE = YES_ERROR;
				CLANG_WARN_DOCUMENTATION_COMMENTS = YES;
				CLANG_WARN_EMPTY_BODY = YES;
				CLANG_WARN_ENUM_CONVERSION = YES;
				CLANG_WARN_INFINITE_RECURSION = YES;
				CLANG_WARN_INT_CONVERSION = YES;
				CLANG_WARN_NON_LITERAL_NULL_CONVERSION = YES;
				CLANG_WARN_OBJC_IMPLICIT_RETAIN_SELF = YES;
				CLANG_WARN_OBJC_LITERAL_CONVERSION = YES;
				CLANG_WARN_OBJC_ROOT_CLASS = YES_ERROR;
				CLANG_WARN_QUOTED_INCLUDE_IN_FRAMEWORK_HEADER = YES;
				CLANG_WARN_RANGE_LOOP_ANALYSIS = YES;
				CLANG_WARN_STRICT_PROTOTYPES = YES;
				CLANG_WARN_SUSPICIOUS_MOVE = YES;
				CLANG_WARN_UNGUARDED_AVAILABILITY = YES_AGGRESSIVE;
				CLANG_WARN_UNREACHABLE_CODE = YES;
				CLANG_WARN__DUPLICATE_METHOD_MATCH = YES;
				COPY_PHASE_STRIP = NO;
				DEBUG_INFORMATION_FORMAT = "dwarf-with-dsym";
				ENABLE_NS_ASSERTIONS = NO;
				ENABLE_STRICT_OBJC_MSGSEND = YES;
				GCC_C_LANGUAGE_STANDARD = gnu11;
				GCC_NO_COMMON_BLOCKS = YES;
				GCC_WARN_64_TO_32_BIT_CONVERSION = YES;
				GCC_WARN_ABOUT_RETURN_TYPE = YES_ERROR;
				GCC_WARN_UNDECLARED_SELECTOR = YES;
				GCC_WARN_UNINITIALIZED_AUTOS = YES_AGGRESSIVE;
				GCC_WARN_UNUSED_FUNCTION = YES;
				GCC_WARN_UNUSED_VARIABLE = YES;
				IPHONEOS_DEPLOYMENT_TARGET = 15.4;
				MTL_ENABLE_DEBUG_INFO = NO;
				MTL_FAST_MATH = YES;
				SDKROOT = iphoneos;
				SWIFT_COMPILATION_MODE = wholemodule;
				SWIFT_OPTIMIZATION_LEVEL = "-O";
				VALIDATE_PRODUCT = YES;
			};
			name = Release;
		};
		DB3F9150282F26540088CD3D /* Debug */ = {
			isa = XCBuildConfiguration;
			buildSettings = {
				ASSETCATALOG_COMPILER_APPICON_NAME = AppIcon;
				ASSETCATALOG_COMPILER_GLOBAL_ACCENT_COLOR_NAME = AccentColor;
				CODE_SIGN_STYLE = Automatic;
				CURRENT_PROJECT_VERSION = 5;
				DEVELOPMENT_ASSET_PATHS = "\"iNova/Preview Content\"";
				DEVELOPMENT_TEAM = T8ALTGMVXN;
				ENABLE_PREVIEWS = YES;
				GENERATE_INFOPLIST_FILE = YES;
				INFOPLIST_FILE = iNova/Info.plist;
				INFOPLIST_KEY_CFBundleDisplayName = iNova;
				INFOPLIST_KEY_LSSupportsOpeningDocumentsInPlace = YES;
				INFOPLIST_KEY_UIApplicationSupportsIndirectInputEvents = YES;
				INFOPLIST_KEY_UILaunchScreen_Generation = YES;
				INFOPLIST_KEY_UISupportedInterfaceOrientations_iPad = "UIInterfaceOrientationPortrait UIInterfaceOrientationPortraitUpsideDown UIInterfaceOrientationLandscapeLeft UIInterfaceOrientationLandscapeRight";
				INFOPLIST_KEY_UISupportedInterfaceOrientations_iPhone = "UIInterfaceOrientationPortrait UIInterfaceOrientationLandscapeLeft UIInterfaceOrientationLandscapeRight";
				IPHONEOS_DEPLOYMENT_TARGET = 14.0;
				LD_RUNPATH_SEARCH_PATHS = (
					"$(inherited)",
					"@executable_path/Frameworks",
				);
				MARKETING_VERSION = 1.0;
				PRODUCT_BUNDLE_IDENTIFIER = dev.multision.iNova;
				PRODUCT_NAME = "$(TARGET_NAME)";
				SWIFT_EMIT_LOC_STRINGS = YES;
				SWIFT_VERSION = 5.0;
				TARGETED_DEVICE_FAMILY = "1,2";
			};
			name = Debug;
		};
		DB3F9151282F26540088CD3D /* Release */ = {
			isa = XCBuildConfiguration;
			buildSettings = {
				ASSETCATALOG_COMPILER_APPICON_NAME = AppIcon;
				ASSETCATALOG_COMPILER_GLOBAL_ACCENT_COLOR_NAME = AccentColor;
				CODE_SIGN_STYLE = Automatic;
				CURRENT_PROJECT_VERSION = 5;
				DEVELOPMENT_ASSET_PATHS = "\"iNova/Preview Content\"";
				DEVELOPMENT_TEAM = T8ALTGMVXN;
				ENABLE_PREVIEWS = YES;
				GENERATE_INFOPLIST_FILE = YES;
				INFOPLIST_FILE = iNova/Info.plist;
				INFOPLIST_KEY_CFBundleDisplayName = iNova;
				INFOPLIST_KEY_LSSupportsOpeningDocumentsInPlace = YES;
				INFOPLIST_KEY_UIApplicationSupportsIndirectInputEvents = YES;
				INFOPLIST_KEY_UILaunchScreen_Generation = YES;
				INFOPLIST_KEY_UISupportedInterfaceOrientations_iPad = "UIInterfaceOrientationPortrait UIInterfaceOrientationPortraitUpsideDown UIInterfaceOrientationLandscapeLeft UIInterfaceOrientationLandscapeRight";
				INFOPLIST_KEY_UISupportedInterfaceOrientations_iPhone = "UIInterfaceOrientationPortrait UIInterfaceOrientationLandscapeLeft UIInterfaceOrientationLandscapeRight";
				IPHONEOS_DEPLOYMENT_TARGET = 14.0;
				LD_RUNPATH_SEARCH_PATHS = (
					"$(inherited)",
					"@executable_path/Frameworks",
				);
				MARKETING_VERSION = 1.0;
				PRODUCT_BUNDLE_IDENTIFIER = dev.multision.iNova;
				PRODUCT_NAME = "$(TARGET_NAME)";
				SWIFT_EMIT_LOC_STRINGS = YES;
				SWIFT_VERSION = 5.0;
				TARGETED_DEVICE_FAMILY = "1,2";
			};
			name = Release;
		};
/* End XCBuildConfiguration section */

/* Begin XCConfigurationList section */
		DB3F913C282F26520088CD3D /* Build configuration list for PBXProject "iNova" */ = {
			isa = XCConfigurationList;
			buildConfigurations = (
				DB3F914D282F26540088CD3D /* Debug */,
				DB3F914E282F26540088CD3D /* Release */,
			);
			defaultConfigurationIsVisible = 0;
			defaultConfigurationName = Release;
		};
		DB3F914F282F26540088CD3D /* Build configuration list for PBXNativeTarget "iNova" */ = {
			isa = XCConfigurationList;
			buildConfigurations = (
				DB3F9150282F26540088CD3D /* Debug */,
				DB3F9151282F26540088CD3D /* Release */,
			);
			defaultConfigurationIsVisible = 0;
			defaultConfigurationName = Release;
		};
/* End XCConfigurationList section */

/* Begin XCRemoteSwiftPackageReference section */
		DB03FA762830ACD200E4F61F /* XCRemoteSwiftPackageReference "WhatsNewKit" */ = {
			isa = XCRemoteSwiftPackageReference;
			repositoryURL = "https://github.com/SvenTiigi/WhatsNewKit.git";
			requirement = {
				kind = upToNextMajorVersion;
				minimumVersion = 2.0.0;
			};
		};
		DB3F915C282F69F40088CD3D /* XCRemoteSwiftPackageReference "SDWebImageSwiftUI" */ = {
			isa = XCRemoteSwiftPackageReference;
			repositoryURL = "https://github.com/SDWebImage/SDWebImageSwiftUI.git";
			requirement = {
				kind = upToNextMajorVersion;
				minimumVersion = 2.0.0;
			};
		};
		DB3F9161282F7F210088CD3D /* XCRemoteSwiftPackageReference "DeviceKit" */ = {
			isa = XCRemoteSwiftPackageReference;
			repositoryURL = "https://github.com/devicekit/DeviceKit.git";
			requirement = {
				kind = upToNextMajorVersion;
				minimumVersion = 4.0.0;
			};
		};
/* End XCRemoteSwiftPackageReference section */

/* Begin XCSwiftPackageProductDependency section */
		DB03FA772830ACD200E4F61F /* WhatsNewKit */ = {
			isa = XCSwiftPackageProductDependency;
			package = DB03FA762830ACD200E4F61F /* XCRemoteSwiftPackageReference "WhatsNewKit" */;
			productName = WhatsNewKit;
		};
		DB3F915D282F69F40088CD3D /* SDWebImageSwiftUI */ = {
			isa = XCSwiftPackageProductDependency;
			package = DB3F915C282F69F40088CD3D /* XCRemoteSwiftPackageReference "SDWebImageSwiftUI" */;
			productName = SDWebImageSwiftUI;
		};
		DB3F9162282F7F210088CD3D /* DeviceKit */ = {
			isa = XCSwiftPackageProductDependency;
			package = DB3F9161282F7F210088CD3D /* XCRemoteSwiftPackageReference "DeviceKit" */;
			productName = DeviceKit;
		};
/* End XCSwiftPackageProductDependency section */
	};
	rootObject = DB3F9139282F26520088CD3D /* Project object */;
}
